
Microsoft Visual Studio Solution File, Format Version 12.00
# Visual Studio 2012
Project("{FAE04EC0-301F-11D3-BF4B-00C04F79EFBC}") = "LiskovSubstitutionPrinciple", "LiskovSubstitutionPrinciple\LiskovSubstitutionPrinciple.csproj", "{4E57617E-D248-45B3-AE42-0F759FCB5FA2}"
EndProject
Project("{FAE04EC0-301F-11D3-BF4B-00C04F79EFBC}") = "LiskovSubstitutionPrinciple.Test", "LiskovSubstitutionPrinciple.Test\LiskovSubstitutionPrinciple.Test.csproj", "{3FA29B1F-B756-4D69-B80E-35FFAEFCB216}"
EndProject
Global
	GlobalSection(SolutionConfigurationPlatforms) = preSolution
		Debug|Any CPU = Debug|Any CPU
		Release|Any CPU = Release|Any CPU
	EndGlobalSection
	GlobalSection(ProjectConfigurationPlatforms) = postSolution
		{4E57617E-D248-45B3-AE42-0F759FCB5FA2}.Debug|Any CPU.ActiveCfg = Debug|Any CPU
		{4E57617E-D248-45B3-AE42-0F759FCB5FA2}.Debug|Any CPU.Build.0 = Debug|Any CPU
		{4E57617E-D248-45B3-AE42-0F759FCB5FA2}.Release|Any CPU.ActiveCfg = Release|Any CPU
		{4E57617E-D248-45B3-AE42-0F759FCB5FA2}.Release|Any CPU.Build.0 = Release|Any CPU
		{3FA29B1F-B756-4D69-B80E-35FFAEFCB216}.Debug|Any CPU.ActiveCfg = Debug|Any CPU
		{3FA29B1F-B756-4D69-B80E-35FFAEFCB216}.Debug|Any CPU.Build.0 = Debug|Any CPU
		{3FA29B1F-B756-4D69-B80E-35FFAEFCB216}.Release|Any CPU.ActiveCfg = Release|Any CPU
		{3FA29B1F-B756-4D69-B80E-35FFAEFCB216}.Release|Any CPU.Build.0 = Release|Any CPU
	EndGlobalSection
	GlobalSection(SolutionProperties) = preSolution
		HideSolutionNode = FALSE
	EndGlobalSection
EndGlobal
